<?xml version="1.0" encoding="utf-8"?>
<Project ToolsVersion="4.0" xmlns="http://schemas.microsoft.com/developer/msbuild/2003">
  <ItemGroup>
    <ClCompile Include="main.cpp">
      <Filter>Windows</Filter>
    </ClCompile>
    <ClCompile Include="..\cpp\helper.cpp">
      <Filter>PlatformIndipendent</Filter>
    </ClCompile>
    <ClCompile Include="..\cpp\hub.cpp">
      <Filter>PlatformIndipendent</Filter>
    </ClCompile>
    <ClCompile Include="..\cpp\stdafx.cpp">
      <Filter>PlatformIndipendent</Filter>
    </ClCompile>
    <ClCompile Include="..\cpp\app.cpp">
      <Filter>PlatformIndipendent</Filter>
    </ClCompile>
    <ClCompile Include="..\cpp\matrix_man.cpp">
      <Filter>PlatformIndipendent</Filter>
    </ClCompile>
    <ClCompile Include="..\cpp\tex_man.cpp">
      <Filter>PlatformIndipendent</Filter>
    </ClCompile>
    <ClCompile Include="..\cpp\water_surface.cpp">
      <Filter>PlatformIndipendent</Filter>
    </ClCompile>
    <ClCompile Include="..\cpp\dib.cpp">
      <Filter>PlatformIndipendent</Filter>
    </ClCompile>
    <ClCompile Include="..\cpp\font_man.cpp">
      <Filter>PlatformIndipendent</Filter>
    </ClCompile>
    <ClCompile Include="..\cpp\fps.cpp">
      <Filter>PlatformIndipendent</Filter>
    </ClCompile>
    <ClCompile Include="..\cpp\mesh_renderer.cpp">
      <Filter>PlatformIndipendent</Filter>
    </ClCompile>
    <ClCompile Include="..\cpp\mesh_x.cpp">
      <Filter>PlatformIndipendent</Filter>
    </ClCompile>
    <ClCompile Include="..\cpp\joint_db.cpp">
      <Filter>PlatformIndipendent</Filter>
    </ClCompile>
    <ClCompile Include="..\cpp\bvh.cpp">
      <Filter>PlatformIndipendent</Filter>
    </ClCompile>
    <ClCompile Include="..\cpp\debug_renderer.cpp">
      <Filter>PlatformIndipendent</Filter>
    </ClCompile>
    <ClCompile Include="..\cpp\dev_camera.cpp">
      <Filter>PlatformIndipendent</Filter>
    </ClCompile>
    <ClCompile Include="..\cpp\af_lua_helpers.cpp">
      <Filter>PlatformIndipendent</Filter>
    </ClCompile>
    <ClCompile Include="..\cpp\lua_bind.cpp">
      <Filter>PlatformIndipendent</Filter>
    </ClCompile>
    <ClCompile Include="..\cpp\mesh_man.cpp">
      <Filter>PlatformIndipendent</Filter>
    </ClCompile>
    <ClCompile Include="..\cpp\lua_man.cpp">
      <Filter>PlatformIndipendent</Filter>
    </ClCompile>
    <ClCompile Include="..\cpp\matrix_stack.cpp">
      <Filter>PlatformIndipendent</Filter>
    </ClCompile>
    <ClCompile Include="..\cpp\sprite_renderer.cpp">
      <Filter>PlatformIndipendent</Filter>
    </ClCompile>
    <ClCompile Include="..\cpp\puzzle.cpp">
      <Filter>PlatformIndipendent</Filter>
    </ClCompile>
    <ClCompile Include="..\cpp\input_man.cpp">
      <Filter>PlatformIndipendent</Filter>
    </ClCompile>
    <ClCompile Include="..\cpp\water_surface_classic.cpp">
      <Filter>PlatformIndipendent</Filter>
    </ClCompile>
    <ClCompile Include="..\cpp\stock_objects.cpp">
      <Filter>PlatformIndipendent</Filter>
    </ClCompile>
    <ClCompile Include="..\cpp\glow.cpp">
      <Filter>PlatformIndipendent</Filter>
    </ClCompile>
    <ClCompile Include="..\cpp\letterbox.cpp">
      <Filter>PlatformIndipendent</Filter>
    </ClCompile>
    <ClCompile Include="..\cpp\sky_man.cpp">
      <Filter>PlatformIndipendent</Filter>
    </ClCompile>
    <ClCompile Include="voice_win.cpp">
      <Filter>Windows</Filter>
    </ClCompile>
    <ClCompile Include="..\cpp\voice.cpp">
      <Filter>PlatformIndipendent</Filter>
    </ClCompile>
    <ClCompile Include="..\cpp\hub_android.cpp">
      <Filter>Android</Filter>
    </ClCompile>
    <ClCompile Include="..\cpp\voice_android.cpp">
      <Filter>Android</Filter>
    </ClCompile>
    <ClCompile Include="..\cpp\system_misc.cpp">
      <Filter>PlatformIndipendent</Filter>
    </ClCompile>
    <ClCompile Include="..\cpp\helper_win.cpp">
      <Filter>Windows</Filter>
    </ClCompile>
    <ClCompile Include="..\cpp\picking.cpp">
      <Filter>PlatformIndipendent</Filter>
    </ClCompile>
    <ClCompile Include="..\cpp\grid_renderer.cpp">
      <Filter>PlatformIndipendent</Filter>
    </ClCompile>
    <ClCompile Include="..\cpp\helper_android.cpp">
      <Filter>Android</Filter>
    </ClCompile>
    <ClCompile Include="..\cpp\helper_gl.cpp">
      <Filter>GL</Filter>
    </ClCompile>
    <ClCompile Include="..\cpp\shader_man_gl.cpp">
      <Filter>GL</Filter>
    </ClCompile>
    <ClCompile Include="..\cpp\helper_dx11.cpp">
      <Filter>DX11</Filter>
    </ClCompile>
    <ClCompile Include="..\cpp\shader_man_dx11.cpp">
      <Filter>DX11</Filter>
    </ClCompile>
    <ClCompile Include="..\cpp\device_man_dx11.cpp">
      <Filter>DX11</Filter>
    </ClCompile>
    <ClCompile Include="device_man_wgl.cpp">
      <Filter>GL</Filter>
    </ClCompile>
    <ClCompile Include="wgl_grabber_gen.cpp">
      <Filter>GL</Filter>
    </ClCompile>
  </ItemGroup>
  <ItemGroup>
    <ClInclude Include="Resource.h">
      <Filter>Windows</Filter>
    </ClInclude>
    <ClInclude Include="..\cpp\helper.h">
      <Filter>PlatformIndipendent</Filter>
    </ClInclude>
    <ClInclude Include="..\cpp\helper_text.h">
      <Filter>PlatformIndipendent</Filter>
    </ClInclude>
    <ClInclude Include="..\cpp\hub.h">
      <Filter>PlatformIndipendent</Filter>
    </ClInclude>
    <ClInclude Include="..\cpp\stdafx.h">
      <Filter>PlatformIndipendent</Filter>
    </ClInclude>
    <ClInclude Include="..\cpp\app.h">
      <Filter>PlatformIndipendent</Filter>
    </ClInclude>
    <ClInclude Include="..\cpp\matrix_man.h">
      <Filter>PlatformIndipendent</Filter>
    </ClInclude>
    <ClInclude Include="..\cpp\tex_man.h">
      <Filter>PlatformIndipendent</Filter>
    </ClInclude>
    <ClInclude Include="..\cpp\af_math.h">
      <Filter>PlatformIndipendent</Filter>
    </ClInclude>
    <ClInclude Include="..\cpp\dib.h">
      <Filter>PlatformIndipendent</Filter>
    </ClInclude>
    <ClInclude Include="..\cpp\font_man.h">
      <Filter>PlatformIndipendent</Filter>
    </ClInclude>
    <ClInclude Include="..\cpp\fps.h">
      <Filter>PlatformIndipendent</Filter>
    </ClInclude>
    <ClInclude Include="..\cpp\mesh_renderer.h">
      <Filter>PlatformIndipendent</Filter>
    </ClInclude>
    <ClInclude Include="..\cpp\mesh_x.h">
      <Filter>PlatformIndipendent</Filter>
    </ClInclude>
    <ClInclude Include="..\cpp\joint_db.h">
      <Filter>PlatformIndipendent</Filter>
    </ClInclude>
    <ClInclude Include="..\cpp\bvh.h">
      <Filter>PlatformIndipendent</Filter>
    </ClInclude>
    <ClInclude Include="..\cpp\debug_renderer.h">
      <Filter>PlatformIndipendent</Filter>
    </ClInclude>
    <ClInclude Include="..\cpp\dev_camera.h">
      <Filter>PlatformIndipendent</Filter>
    </ClInclude>
    <ClInclude Include="..\cpp\af_lua_helpers.h">
      <Filter>PlatformIndipendent</Filter>
    </ClInclude>
    <ClInclude Include="..\cpp\mesh_man.h">
      <Filter>PlatformIndipendent</Filter>
    </ClInclude>
    <ClInclude Include="..\cpp\lua_man.h">
      <Filter>PlatformIndipendent</Filter>
    </ClInclude>
    <ClInclude Include="..\cpp\matrix_stack.h">
      <Filter>PlatformIndipendent</Filter>
    </ClInclude>
    <ClInclude Include="..\cpp\sprite_renderer.h">
      <Filter>PlatformIndipendent</Filter>
    </ClInclude>
    <ClInclude Include="..\cpp\input_man.h">
      <Filter>PlatformIndipendent</Filter>
    </ClInclude>
    <ClInclude Include="..\cpp\stock_objects.h">
      <Filter>PlatformIndipendent</Filter>
    </ClInclude>
    <ClInclude Include="..\cpp\glow.h">
      <Filter>PlatformIndipendent</Filter>
    </ClInclude>
    <ClInclude Include="..\cpp\letterbox.h">
      <Filter>PlatformIndipendent</Filter>
    </ClInclude>
    <ClInclude Include="..\cpp\sky_man.h">
      <Filter>PlatformIndipendent</Filter>
    </ClInclude>
    <ClInclude Include="..\cpp\voice.h">
      <Filter>PlatformIndipendent</Filter>
    </ClInclude>
    <ClInclude Include="..\cpp\system_misc.h">
      <Filter>PlatformIndipendent</Filter>
    </ClInclude>
    <ClInclude Include="..\cpp\grid_renderer.h">
      <Filter>PlatformIndipendent</Filter>
    </ClInclude>
    <ClInclude Include="..\cpp\helper_gl.h">
      <Filter>GL</Filter>
    </ClInclude>
    <ClInclude Include="..\cpp\shader_man_gl.h">
      <Filter>GL</Filter>
    </ClInclude>
    <ClInclude Include="..\cpp\helper_dx11.h">
      <Filter>DX11</Filter>
    </ClInclude>
    <ClInclude Include="..\cpp\shader_man_dx11.h">
      <Filter>DX11</Filter>
    </ClInclude>
    <ClInclude Include="..\cpp\device_man_dx11.h">
      <Filter>DX11</Filter>
    </ClInclude>
    <ClInclude Include="device_man_wgl.h">
      <Filter>GL</Filter>
    </ClInclude>
    <ClInclude Include="wgl_grabber_gen.h">
      <Filter>GL</Filter>
    </ClInclude>
  </ItemGroup>
  <ItemGroup>
    <Filter Include="Windows">
      <UniqueIdentifier>{5ad15058-775c-4335-9690-7ff6f3b1028f}</UniqueIdentifier>
    </Filter>
    <Filter Include="PlatformIndipendent">
      <UniqueIdentifier>{4a920d4b-d9c9-44e6-ab42-5e42e684f4a6}</UniqueIdentifier>
    </Filter>
    <Filter Include="Android">
      <UniqueIdentifier>{16972e84-0729-469a-b622-d14adc924279}</UniqueIdentifier>
    </Filter>
    <Filter Include="GL">
      <UniqueIdentifier>{59bd901b-47fb-4451-ba46-d5afb17940a3}</UniqueIdentifier>
    </Filter>
    <Filter Include="DX11">
      <UniqueIdentifier>{6bf003c5-fa11-406c-9814-ff5d58a18f6f}</UniqueIdentifier>
    </Filter>
  </ItemGroup>
  <ItemGroup>
    <ResourceCompile Include="Resource.rc">
      <Filter>Windows</Filter>
    </ResourceCompile>
  </ItemGroup>
  <ItemGroup>
    <Image Include="icon.ico" />
  </ItemGroup>
</Project>