<?xml version="1.0" encoding="utf-8"?>
<Project ToolsVersion="4.0" xmlns="http://schemas.microsoft.com/developer/msbuild/2003">
  <ItemGroup>
    <ClCompile Include="main.cpp">
      <Filter>Windows</Filter>
    </ClCompile>
    <ClCompile Include="wgl_grabber_gen.cpp">
      <Filter>Windows</Filter>
    </ClCompile>
    <ClCompile Include="helper_win.cpp">
      <Filter>Windows</Filter>
    </ClCompile>
    <ClCompile Include="..\cpp\helper.cpp">
      <Filter>PlatformIndipendent</Filter>
    </ClCompile>
    <ClCompile Include="..\cpp\helper_gldx.cpp">
      <Filter>PlatformIndipendent</Filter>
    </ClCompile>
    <ClCompile Include="..\cpp\hub.cpp">
      <Filter>PlatformIndipendent</Filter>
    </ClCompile>
    <ClCompile Include="..\cpp\stdafx.cpp">
      <Filter>PlatformIndipendent</Filter>
    </ClCompile>
    <ClCompile Include="..\cpp\app.cpp">
      <Filter>PlatformIndipendent</Filter>
    </ClCompile>
    <ClCompile Include="..\cpp\matrix_man.cpp">
      <Filter>PlatformIndipendent</Filter>
    </ClCompile>
    <ClCompile Include="..\cpp\shader_man.cpp">
      <Filter>PlatformIndipendent</Filter>
    </ClCompile>
    <ClCompile Include="..\cpp\tex_man.cpp">
      <Filter>PlatformIndipendent</Filter>
    </ClCompile>
    <ClCompile Include="..\cpp\water_surface.cpp">
      <Filter>PlatformIndipendent</Filter>
    </ClCompile>
    <ClCompile Include="..\cpp\dib.cpp">
      <Filter>PlatformIndipendent</Filter>
    </ClCompile>
    <ClCompile Include="..\cpp\font_man.cpp">
      <Filter>PlatformIndipendent</Filter>
    </ClCompile>
    <ClCompile Include="..\cpp\fps.cpp">
      <Filter>PlatformIndipendent</Filter>
    </ClCompile>
    <ClCompile Include="..\cpp\mesh_renderer.cpp">
      <Filter>PlatformIndipendent</Filter>
    </ClCompile>
    <ClCompile Include="..\cpp\mesh_x.cpp">
      <Filter>PlatformIndipendent</Filter>
    </ClCompile>
    <ClCompile Include="..\cpp\joint_db.cpp">
      <Filter>PlatformIndipendent</Filter>
    </ClCompile>
    <ClCompile Include="..\cpp\mat_man.cpp">
      <Filter>PlatformIndipendent</Filter>
    </ClCompile>
    <ClCompile Include="..\cpp\bvh.cpp">
      <Filter>PlatformIndipendent</Filter>
    </ClCompile>
    <ClCompile Include="..\cpp\debug_renderer.cpp">
      <Filter>PlatformIndipendent</Filter>
    </ClCompile>
    <ClCompile Include="..\cpp\system_metrics.cpp">
      <Filter>PlatformIndipendent</Filter>
    </ClCompile>
    <ClCompile Include="..\cpp\dev_camera.cpp">
      <Filter>PlatformIndipendent</Filter>
    </ClCompile>
  </ItemGroup>
  <ItemGroup>
    <ClInclude Include="wgl_grabber_gen.h">
      <Filter>Windows</Filter>
    </ClInclude>
    <ClInclude Include="Resource.h">
      <Filter>Windows</Filter>
    </ClInclude>
    <ClInclude Include="..\cpp\helper.h">
      <Filter>PlatformIndipendent</Filter>
    </ClInclude>
    <ClInclude Include="..\cpp\helper_gldx.h">
      <Filter>PlatformIndipendent</Filter>
    </ClInclude>
    <ClInclude Include="..\cpp\helper_text.h">
      <Filter>PlatformIndipendent</Filter>
    </ClInclude>
    <ClInclude Include="..\cpp\hub.h">
      <Filter>PlatformIndipendent</Filter>
    </ClInclude>
    <ClInclude Include="..\cpp\stdafx.h">
      <Filter>PlatformIndipendent</Filter>
    </ClInclude>
    <ClInclude Include="..\cpp\app.h">
      <Filter>PlatformIndipendent</Filter>
    </ClInclude>
    <ClInclude Include="..\cpp\matrix_man.h">
      <Filter>PlatformIndipendent</Filter>
    </ClInclude>
    <ClInclude Include="..\cpp\shader_man.h">
      <Filter>PlatformIndipendent</Filter>
    </ClInclude>
    <ClInclude Include="..\cpp\tex_man.h">
      <Filter>PlatformIndipendent</Filter>
    </ClInclude>
    <ClInclude Include="..\cpp\water_surface.h">
      <Filter>PlatformIndipendent</Filter>
    </ClInclude>
    <ClInclude Include="..\cpp\af_math.h">
      <Filter>PlatformIndipendent</Filter>
    </ClInclude>
    <ClInclude Include="..\cpp\dib.h">
      <Filter>PlatformIndipendent</Filter>
    </ClInclude>
    <ClInclude Include="..\cpp\font_man.h">
      <Filter>PlatformIndipendent</Filter>
    </ClInclude>
    <ClInclude Include="..\cpp\fps.h">
      <Filter>PlatformIndipendent</Filter>
    </ClInclude>
    <ClInclude Include="..\cpp\mesh_renderer.h">
      <Filter>PlatformIndipendent</Filter>
    </ClInclude>
    <ClInclude Include="..\cpp\mesh_x.h">
      <Filter>PlatformIndipendent</Filter>
    </ClInclude>
    <ClInclude Include="..\cpp\joint_db.h">
      <Filter>PlatformIndipendent</Filter>
    </ClInclude>
    <ClInclude Include="..\cpp\mat_man.h">
      <Filter>PlatformIndipendent</Filter>
    </ClInclude>
    <ClInclude Include="..\cpp\bvh.h">
      <Filter>PlatformIndipendent</Filter>
    </ClInclude>
    <ClInclude Include="..\cpp\debug_renderer.h">
      <Filter>PlatformIndipendent</Filter>
    </ClInclude>
    <ClInclude Include="..\cpp\system_metrics.h">
      <Filter>PlatformIndipendent</Filter>
    </ClInclude>
    <ClInclude Include="..\cpp\dev_camera.h">
      <Filter>PlatformIndipendent</Filter>
    </ClInclude>
  </ItemGroup>
  <ItemGroup>
    <Filter Include="Windows">
      <UniqueIdentifier>{5ad15058-775c-4335-9690-7ff6f3b1028f}</UniqueIdentifier>
    </Filter>
    <Filter Include="PlatformIndipendent">
      <UniqueIdentifier>{4a920d4b-d9c9-44e6-ab42-5e42e684f4a6}</UniqueIdentifier>
    </Filter>
  </ItemGroup>
  <ItemGroup>
    <ResourceCompile Include="Resource.rc">
      <Filter>Windows</Filter>
    </ResourceCompile>
  </ItemGroup>
</Project>